{
  "version": "5",
  "specifiers": {
    "jsr:@noble/hashes@^1.8.0": "1.8.0",
    "jsr:@std/assert@*": "1.0.12",
    "jsr:@std/internal@^1.0.6": "1.0.6",
    "npm:@hono/zod-validator@*": "0.4.3_hono@4.7.6_zod@3.24.2",
    "npm:@middy/core@6.1.6": "6.1.6",
    "npm:@scalar/hono-api-reference@*": "0.8.1_hono@4.7.6",
    "npm:@scalar/hono-api-reference@~0.8.1": "0.8.1_hono@4.7.6",
    "npm:@standard-schema/spec@1": "1.0.0",
    "npm:@types/aws-lambda@8.10.147": "8.10.147",
    "npm:@types/lodash.get@^4.4.9": "4.4.9",
    "npm:@types/lodash.groupby@^4.6.9": "4.6.9",
    "npm:@types/lodash.set@^4.3.9": "4.3.9",
    "npm:@types/node@*": "22.12.0",
    "npm:@zod/mini@^4.0.0-beta.20250414T061543": "4.0.0-beta.20250414T061543",
    "npm:fast-glob@^3.3.3": "3.3.3",
    "npm:hono-openapi@*": "0.4.6_@hono+zod-validator@0.4.3__hono@4.7.6__zod@3.24.2_hono@4.7.6_zod@3.24.2_zod-openapi@4.2.4__zod@3.24.2",
    "npm:hono-openapi@~0.4.6": "0.4.6_@hono+zod-validator@0.4.3__hono@4.7.6__zod@3.24.2_hono@4.7.6_zod@3.24.2_zod-openapi@4.2.4__zod@3.24.2",
    "npm:hono@*": "4.7.6",
    "npm:hono@~4.7.6": "4.7.6",
    "npm:lodash.get@^4.4.2": "4.4.2",
    "npm:lodash.groupby@^4.6.0": "4.6.0",
    "npm:lodash.set@^4.3.2": "4.3.2",
    "npm:stoker@^1.4.2": "1.4.2_@asteasolutions+zod-to-openapi@7.3.0__zod@3.24.2_hono@4.7.6_openapi3-ts@4.4.0_zod@3.24.2",
    "npm:tweetnacl@^1.0.3": "1.0.3",
    "npm:zod-openapi@*": "4.2.4_zod@3.24.2",
    "npm:zod@^3.24.2": "3.24.2"
  },
  "jsr": {
    "@noble/hashes@1.8.0": {
      "integrity": "b52a2fcb4d02f8d8137871564a31f1ee9e2b0d15eedabbf32d2f7333f0abc939"
    },
    "@std/assert@1.0.12": {
      "integrity": "08009f0926dda9cbd8bef3a35d3b6a4b964b0ab5c3e140a4e0351fbf34af5b9a",
      "dependencies": [
        "jsr:@std/internal"
      ]
    },
    "@std/internal@1.0.6": {
      "integrity": "9533b128f230f73bd209408bb07a4b12f8d4255ab2a4d22a1fd6d87304aca9a4"
    }
  },
  "npm": {
    "@apidevtools/json-schema-ref-parser@11.9.3": {
      "integrity": "sha512-60vepv88RwcJtSHrD6MjIL6Ta3SOYbgfnkHb+ppAVK+o9mXprRtulx7VlRl3lN3bbvysAfCS7WMVfhUYemB0IQ==",
      "dependencies": [
        "@jsdevtools/ono",
        "@types/json-schema",
        "js-yaml"
      ]
    },
    "@asteasolutions/zod-to-openapi@7.3.0_zod@3.24.2": {
      "integrity": "sha512-7tE/r1gXwMIvGnXVUdIqUhCU1RevEFC4Jk6Bussa0fk1ecbnnINkZzj1EOAJyE/M3AI25DnHT/zKQL1/FPFi8Q==",
      "dependencies": [
        "openapi3-ts",
        "zod"
      ]
    },
    "@hono/zod-validator@0.4.3_hono@4.7.6_zod@3.24.2": {
      "integrity": "sha512-xIgMYXDyJ4Hj6ekm9T9Y27s080Nl9NXHcJkOvkXPhubOLj8hZkOL8pDnnXfvCf5xEE8Q4oMFenQUZZREUY2gqQ==",
      "dependencies": [
        "hono",
        "zod"
      ]
    },
    "@jsdevtools/ono@7.1.3": {
      "integrity": "sha512-4JQNk+3mVzK3xh2rqd6RB4J46qUR19azEHBneZyTZM+c456qOrbbM/5xcR8huNCCcbVt7+UmizG6GuUvPvKUYg=="
    },
    "@middy/core@6.1.6": {
      "integrity": "sha512-YT7J0+9zgGIhKnC6lA5z1iE+EDHpmMda7H7gD59cu4inxRC2RTk+ensGFaJxXXMlAM08vGJn6Q5gH8KnV6YWoQ=="
    },
    "@nodelib/fs.scandir@2.1.5": {
      "integrity": "sha512-vq24Bq3ym5HEQm2NKCr3yXDwjc7vTsEThRDnkp2DK9p1uqLR+DHurm/NOTo0KG7HYHU7eppKZj3MyqYuMBf62g==",
      "dependencies": [
        "@nodelib/fs.stat",
        "run-parallel"
      ]
    },
    "@nodelib/fs.stat@2.0.5": {
      "integrity": "sha512-RkhPPp2zrqDAQA/2jNhnztcPAlv64XdhIp7a7454A5ovI7Bukxgt7MX7udwAu3zg1DcpPU0rz3VV1SeaqvY4+A=="
    },
    "@nodelib/fs.walk@1.2.8": {
      "integrity": "sha512-oGB+UxlgWcgQkgwo8GcEGwemoTFt3FIO9ababBmaGwXIoBKZ+GTy0pP185beGg7Llih/NSHSV2XAs1lnznocSg==",
      "dependencies": [
        "@nodelib/fs.scandir",
        "fastq"
      ]
    },
    "@scalar/core@0.2.7": {
      "integrity": "sha512-8BeyxQiTzd3yST43x1w3t47kgkQSBVfR+bpruXaLFxeITWjzOTro5Ojh+enGWnooIfg5wMDpNqfDJCbGOVq1hg==",
      "dependencies": [
        "@scalar/types"
      ]
    },
    "@scalar/hono-api-reference@0.8.1_hono@4.7.6": {
      "integrity": "sha512-bKPJ6QPBOUEGupq4wKF1iUl3upsVkTdhIIkUwtEpEx9ox3CCsp0kxAUykhSUuhZ3Xhy6WcuMdigOlU5PzTY8xA==",
      "dependencies": [
        "@scalar/core",
        "hono"
      ]
    },
    "@scalar/openapi-types@0.2.0": {
      "integrity": "sha512-waiKk12cRCqyUCWTOX0K1WEVX46+hVUK+zRPzAahDJ7G0TApvbNkuy5wx7aoUyEk++HHde0XuQnshXnt8jsddA==",
      "dependencies": [
        "zod"
      ]
    },
    "@scalar/types@0.1.7": {
      "integrity": "sha512-irIDYzTQG2KLvFbuTI8k2Pz/R4JR+zUUSykVTbEMatkzMmVFnn1VzNSMlODbadycwZunbnL2tA27AXed9URVjw==",
      "dependencies": [
        "@scalar/openapi-types",
        "@unhead/schema",
        "nanoid",
        "type-fest",
        "zod"
      ]
    },
    "@standard-schema/spec@1.0.0": {
      "integrity": "sha512-m2bOd0f2RT9k8QJx1JN85cZYyH1RqFBdlwtkSlf4tBDYLCiiZnv1fIIwacK6cqwXavOydf0NPToMQgpKq+dVlA=="
    },
    "@types/aws-lambda@8.10.147": {
      "integrity": "sha512-nD0Z9fNIZcxYX5Mai2CTmFD7wX7UldCkW2ezCF8D1T5hdiLsnTWDGRpfRYntU6VjTdLQjOvyszru7I1c1oCQew=="
    },
    "@types/json-schema@7.0.15": {
      "integrity": "sha512-5+fP8P8MFNC+AyZCDxrB2pkZFPGzqQWUzpSeuuVLvm8VMcorNYavBqoFcxK8bQz4Qsbn4oUEEem4wDLfcysGHA=="
    },
    "@types/lodash.get@4.4.9": {
      "integrity": "sha512-J5dvW98sxmGnamqf+/aLP87PYXyrha9xIgc2ZlHl6OHMFR2Ejdxep50QfU0abO1+CH6+ugx+8wEUN1toImAinA==",
      "dependencies": [
        "@types/lodash"
      ]
    },
    "@types/lodash.groupby@4.6.9": {
      "integrity": "sha512-z2xtCX2ko7GrqORnnYea4+ksT7jZNAvaOcLd6mP9M7J09RHvJs06W8BGdQQAX8ARef09VQLdeRilSOcfHlDQJQ==",
      "dependencies": [
        "@types/lodash"
      ]
    },
    "@types/lodash.set@4.3.9": {
      "integrity": "sha512-KOxyNkZpbaggVmqbpr82N2tDVTx05/3/j0f50Es1prxrWB0XYf9p3QNxqcbWb7P1Q9wlvsUSlCFnwlPCIJ46PQ==",
      "dependencies": [
        "@types/lodash"
      ]
    },
    "@types/lodash@4.17.16": {
      "integrity": "sha512-HX7Em5NYQAXKW+1T+FiuG27NGwzJfCX3s1GjOa7ujxZa52kjJLOr4FUxT+giF6Tgxv1e+/czV/iTtBw27WTU9g=="
    },
    "@types/node@22.12.0": {
      "integrity": "sha512-Fll2FZ1riMjNmlmJOdAyY5pUbkftXslB5DgEzlIuNaiWhXd00FhWxVC/r4yV/4wBb9JfImTu+jiSvXTkJ7F/gA==",
      "dependencies": [
        "undici-types"
      ]
    },
    "@unhead/schema@1.11.20": {
      "integrity": "sha512-0zWykKAaJdm+/Y7yi/Yds20PrUK7XabLe9c3IRcjnwYmSWY6z0Cr19VIs3ozCj8P+GhR+/TI2mwtGlueCEYouA==",
      "dependencies": [
        "hookable",
        "zhead"
      ]
    },
    "@zod/core@0.5.0": {
      "integrity": "sha512-9EW5fOng5558DM68WmVtecPzHuROdB5AcBVOBVqtPIup1quYRxxzwzT9+BPNX5Pr+so0wP/Hxv8+pCrBbjKQeg=="
    },
    "@zod/mini@4.0.0-beta.20250414T061543": {
      "integrity": "sha512-nkCRPqJBwRZvRDA9TpEEEFDgEJyREzsWT/JktSW3+PHjAGkktBoKI+q7E537YwLmdX+Q3IGUOmsz1Rto1bEXtQ==",
      "dependencies": [
        "@zod/core"
      ]
    },
    "argparse@2.0.1": {
      "integrity": "sha512-8+9WqebbFzpX9OR+Wa6O29asIogeRMzcGtAINdpMHHyAg10f05aSFVBbcEqGf/PXw1EjAZ+q2/bEBg3DvurK3Q=="
    },
    "braces@3.0.3": {
      "integrity": "sha512-yQbXgO/OSZVD2IsiLlro+7Hf6Q18EJrKSEsdoMzKePKXct3gvD8oLcOQdIzGupr5Fj+EDe8gO/lxc1BzfMpxvA==",
      "dependencies": [
        "fill-range"
      ]
    },
    "clone@2.1.2": {
      "integrity": "sha512-3Pe/CF1Nn94hyhIYpjtiLhdCoEoz0DqQ+988E9gmeEdQZlojxnOb74wctFyuwWQHzqyf9X7C7MG8juUpqBJT8w=="
    },
    "fast-glob@3.3.3": {
      "integrity": "sha512-7MptL8U0cqcFdzIzwOTHoilX9x5BrNqye7Z/LuC7kCMRio1EMSyqRK3BEAUD7sXRq4iT4AzTVuZdhgQ2TCvYLg==",
      "dependencies": [
        "@nodelib/fs.stat",
        "@nodelib/fs.walk",
        "glob-parent",
        "merge2",
        "micromatch"
      ]
    },
    "fastq@1.19.1": {
      "integrity": "sha512-GwLTyxkCXjXbxqIhTsMI2Nui8huMPtnxg7krajPJAjnEG/iiOS7i+zCtWGZR9G0NBKbXKh6X9m9UIsYX/N6vvQ==",
      "dependencies": [
        "reusify"
      ]
    },
    "fill-range@7.1.1": {
      "integrity": "sha512-YsGpe3WHLK8ZYi4tWDg2Jy3ebRz2rXowDxnld4bkQB00cc/1Zw9AWnC0i9ztDJitivtQvaI9KaLyKrc+hBW0yg==",
      "dependencies": [
        "to-regex-range"
      ]
    },
    "glob-parent@5.1.2": {
      "integrity": "sha512-AOIgSQCepiJYwP3ARnGx+5VnTu2HBYdzbGP45eLw1vr3zB3vZLeyed1sC9hnbcOc9/SrMyM5RPQrkGz4aS9Zow==",
      "dependencies": [
        "is-glob"
      ]
    },
    "hono-openapi@0.4.6_@hono+zod-validator@0.4.3__hono@4.7.6__zod@3.24.2_hono@4.7.6_zod@3.24.2_zod-openapi@4.2.4__zod@3.24.2": {
      "integrity": "sha512-wSDySp2cS5Zcf1OeLG7nCP3eMsCpcDomN137T9B6/Z5Qq3D0nWgMf0I3Gl41SE1rE37OBQ0Smqx3LOP9Hk//7A==",
      "dependencies": [
        "@hono/zod-validator",
        "hono",
        "json-schema-walker",
        "zod",
        "zod-openapi"
      ],
      "optionalPeers": [
        "@hono/zod-validator",
        "hono",
        "zod",
        "zod-openapi"
      ]
    },
    "hono-openapi@0.4.6_hono@4.7.6_zod@3.24.2": {
      "integrity": "sha512-wSDySp2cS5Zcf1OeLG7nCP3eMsCpcDomN137T9B6/Z5Qq3D0nWgMf0I3Gl41SE1rE37OBQ0Smqx3LOP9Hk//7A==",
      "dependencies": [
        "hono",
        "json-schema-walker",
        "zod"
      ],
      "optionalPeers": [
        "@hono/arktype-validator@^2.0.0",
        "@hono/effect-validator@^1.2.0",
        "@hono/typebox-validator@^0.2.0 || ^0.3.0",
        "@hono/valibot-validator@^0.5.1",
        "@hono/zod-validator",
        "@sinclair/typebox@^0.34.9",
        "@valibot/to-json-schema@^1.0.0-beta.3",
        "arktype@^2.0.0-rc.25",
        "effect@^3.11.3",
        "hono",
        "openapi-types@^12.1.3",
        "valibot@^1.0.0-beta.9",
        "zod",
        "zod-openapi"
      ]
    },
    "hono@4.7.6": {
      "integrity": "sha512-564rVzELU+9BRqqx5k8sT2NFwGD3I3Vifdb6P7CmM6FiarOSY+fDC+6B+k9wcCb86ReoayteZP2ki0cRLN1jbw=="
    },
    "hookable@5.5.3": {
      "integrity": "sha512-Yc+BQe8SvoXH1643Qez1zqLRmbA5rCL+sSmk6TVos0LWVfNIB7PGncdlId77WzLGSIB5KaWgTaNTs2lNVEI6VQ=="
    },
    "is-extglob@2.1.1": {
      "integrity": "sha512-SbKbANkN603Vi4jEZv49LeVJMn4yGwsbzZworEoyEiutsN3nJYdbO36zfhGJ6QEDpOZIFkDtnq5JRxmvl3jsoQ=="
    },
    "is-glob@4.0.3": {
      "integrity": "sha512-xelSayHH36ZgE7ZWhli7pW34hNbNl8Ojv5KVmkJD4hBdD3th8Tfk9vYasLM+mXWOZhFkgZfxhLSnrwRr4elSSg==",
      "dependencies": [
        "is-extglob"
      ]
    },
    "is-number@7.0.0": {
      "integrity": "sha512-41Cifkg6e8TylSpdtTpeLVMqvSBEVzTttHvERD741+pnZ8ANv0004MRL43QKPDlK9cGvNp6NZWZUBlbGXYxxng=="
    },
    "js-yaml@4.1.0": {
      "integrity": "sha512-wpxZs9NoxZaJESJGIZTyDEaYpl0FKSA+FB9aJiyemKhMwkxQg63h4T1KJgUGHpTqPDNRcmmYLugrRjJlBtWvRA==",
      "dependencies": [
        "argparse"
      ],
      "bin": true
    },
    "json-schema-walker@2.0.0": {
      "integrity": "sha512-nXN2cMky0Iw7Af28w061hmxaPDaML5/bQD9nwm1lOoIKEGjHcRGxqWe4MfrkYThYAPjSUhmsp4bJNoLAyVn9Xw==",
      "dependencies": [
        "@apidevtools/json-schema-ref-parser",
        "clone"
      ]
    },
    "lodash.get@4.4.2": {
      "integrity": "sha512-z+Uw/vLuy6gQe8cfaFWD7p0wVv8fJl3mbzXh33RS+0oW2wvUqiRXiQ69gLWSLpgB5/6sU+r6BlQR0MBILadqTQ==",
      "deprecated": true
    },
    "lodash.groupby@4.6.0": {
      "integrity": "sha512-5dcWxm23+VAoz+awKmBaiBvzox8+RqMgFhi7UvX9DHZr2HdxHXM/Wrf8cfKpsW37RNrvtPn6hSwNqurSILbmJw=="
    },
    "lodash.set@4.3.2": {
      "integrity": "sha512-4hNPN5jlm/N/HLMCO43v8BXKq9Z7QdAGc/VGrRD61w8gN9g/6jF9A4L1pbUgBLCffi0w9VsXfTOij5x8iTyFvg=="
    },
    "merge2@1.4.1": {
      "integrity": "sha512-8q7VEgMJW4J8tcfVPy8g09NcQwZdbwFEqhe/WZkoIzjn/3TGDwtOCYtXGxA3O8tPzpczCCDgv+P2P5y00ZJOOg=="
    },
    "micromatch@4.0.8": {
      "integrity": "sha512-PXwfBhYu0hBCPw8Dn0E+WDYb7af3dSLVWKi3HGv84IdF4TyFoC0ysxFd0Goxw7nSv4T/PzEJQxsYsEiFCKo2BA==",
      "dependencies": [
        "braces",
        "picomatch"
      ]
    },
    "nanoid@5.1.5": {
      "integrity": "sha512-Ir/+ZpE9fDsNH0hQ3C68uyThDXzYcim2EqcZ8zn8Chtt1iylPT9xXJB0kPCnqzgcEGikO9RxSrh63MsmVCU7Fw==",
      "bin": true
    },
    "openapi3-ts@4.4.0": {
      "integrity": "sha512-9asTNB9IkKEzWMcHmVZE7Ts3kC9G7AFHfs8i7caD8HbI76gEjdkId4z/AkP83xdZsH7PLAnnbl47qZkXuxpArw==",
      "dependencies": [
        "yaml"
      ]
    },
    "picomatch@2.3.1": {
      "integrity": "sha512-JU3teHTNjmE2VCGFzuY8EXzCDVwEqB2a8fsIvwaStHhAWJEeVd1o1QD80CU6+ZdEXXSLbSsuLwJjkCBWqRQUVA=="
    },
    "queue-microtask@1.2.3": {
      "integrity": "sha512-NuaNSa6flKT5JaSYQzJok04JzTL1CA6aGhv5rfLW3PgqA+M2ChpZQnAC8h8i4ZFkBS8X5RqkDBHA7r4hej3K9A=="
    },
    "reusify@1.1.0": {
      "integrity": "sha512-g6QUff04oZpHs0eG5p83rFLhHeV00ug/Yf9nZM6fLeUrPguBTkTQOdpAWWspMh55TZfVQDPaN3NQJfbVRAxdIw=="
    },
    "run-parallel@1.2.0": {
      "integrity": "sha512-5l4VyZR86LZ/lDxZTR6jqL8AFE2S0IFLMP26AbjsLVADxHdhB/c0GUsH+y39UfCi3dzz8OlQuPmnaJOMoDHQBA==",
      "dependencies": [
        "queue-microtask"
      ]
    },
    "stoker@1.4.2_@asteasolutions+zod-to-openapi@7.3.0__zod@3.24.2_hono@4.7.6_openapi3-ts@4.4.0_zod@3.24.2": {
      "integrity": "sha512-zna86ZzC3fnMOIkuO+1vRMfcRw7SpC/7yafRb0u8DwDVig2pPh6POVnGB7t2A5t/rMvyr7hE7tjXTPvW8bhJKg==",
      "dependencies": [
        "@asteasolutions/zod-to-openapi",
        "hono",
        "openapi3-ts"
      ]
    },
    "to-regex-range@5.0.1": {
      "integrity": "sha512-65P7iz6X5yEr1cwcgvQxbbIw7Uk3gOy5dIdtZ4rDveLqhrdJP+Li/Hx6tyK0NEb+2GCyneCMJiGqrADCSNk8sQ==",
      "dependencies": [
        "is-number"
      ]
    },
    "tweetnacl@1.0.3": {
      "integrity": "sha512-6rt+RN7aOi1nGMyC4Xa5DdYiukl2UWCbcJft7YhxReBGQD7OAM8Pbxw6YMo4r2diNEA8FEmu32YOn9rhaiE5yw=="
    },
    "type-fest@4.39.1": {
      "integrity": "sha512-uW9qzd66uyHYxwyVBYiwS4Oi0qZyUqwjU+Oevr6ZogYiXt99EOYtwvzMSLw1c3lYo2HzJsep/NB23iEVEgjG/w=="
    },
    "undici-types@6.20.0": {
      "integrity": "sha512-Ny6QZ2Nju20vw1SRHe3d9jVu6gJ+4e3+MMpqu7pqE5HT6WsTSlce++GQmK5UXS8mzV8DSYHrQH+Xrf2jVcuKNg=="
    },
    "yaml@2.7.0": {
      "integrity": "sha512-+hSoy/QHluxmC9kCIJyL/uyFmLmc+e5CFR5Wa+bpIhIj85LVb9ZH2nVnqrHoSvKogwODv0ClqZkmiSSaIH5LTA==",
      "bin": true
    },
    "zhead@2.2.4": {
      "integrity": "sha512-8F0OI5dpWIA5IGG5NHUg9staDwz/ZPxZtvGVf01j7vHqSyZ0raHY+78atOVxRqb73AotX22uV1pXt3gYSstGag=="
    },
    "zod-openapi@4.2.4_zod@3.24.2": {
      "integrity": "sha512-tsrQpbpqFCXqVXUzi3TPwFhuMtLN3oNZobOtYnK6/5VkXsNdnIgyNr4r8no4wmYluaxzN3F7iS+8xCW8BmMQ8g==",
      "dependencies": [
        "zod"
      ]
    },
    "zod@3.24.2": {
      "integrity": "sha512-lY7CDW43ECgW9u1TcT3IoXHflywfVqDYze4waEz812jR/bZ8FHDsl7pFQoSZTz5N+2NqRXs8GBwnAwo3ZNxqhQ=="
    }
  },
  "workspace": {
    "dependencies": [
      "jsr:@noble/hashes@^1.8.0",
      "jsr:@std/assert@*",
      "npm:@hono/zod-validator@*",
      "npm:@types/lodash.get@^4.4.9",
      "npm:@types/lodash.groupby@^4.6.9",
      "npm:@types/lodash.set@^4.3.9",
      "npm:@zod/mini@^4.0.0-beta.20250414T061543",
      "npm:hono-openapi@*",
      "npm:hono@*",
      "npm:lodash.get@^4.4.2",
      "npm:lodash.groupby@^4.6.0",
      "npm:lodash.set@^4.3.2",
      "npm:tweetnacl@^1.0.3",
      "npm:zod-openapi@*",
      "npm:zod@^3.24.2"
    ],
    "members": {
      "packages/heimdall": {
        "dependencies": [
          "npm:@middy/core@6.1.6",
          "npm:@scalar/hono-api-reference@~0.8.1",
          "npm:@standard-schema/spec@1",
          "npm:@types/aws-lambda@8.10.147",
          "npm:fast-glob@^3.3.3",
          "npm:hono-openapi@~0.4.6",
          "npm:hono@~4.7.6",
          "npm:stoker@^1.4.2",
          "npm:zod@^3.24.2"
        ]
      }
    }
  }
}
